
Microsoft Visual Studio Solution File, Format Version 12.00
# Visual Studio Version 17
VisualStudioVersion = 17.9.34728.123
MinimumVisualStudioVersion = 10.0.40219.1
Project("{FAE04EC0-301F-11D3-BF4B-00C04F79EFBC}") = "InventoryManagement_Assignment", "InventoryManagement_Assignment.csproj", "{42468BEF-27DF-4699-BDCA-4EC39AC2871D}"
EndProject
Global
	GlobalSection(SolutionConfigurationPlatforms) = preSolution
		Debug|Any CPU = Debug|Any CPU
		Release|Any CPU = Release|Any CPU
	EndGlobalSection
	GlobalSection(ProjectConfigurationPlatforms) = postSolution
		{42468BEF-27DF-4699-BDCA-4EC39AC2871D}.Debug|Any CPU.ActiveCfg = Debug|Any CPU
		{42468BEF-27DF-4699-BDCA-4EC39AC2871D}.Debug|Any CPU.Build.0 = Debug|Any CPU
		{42468BEF-27DF-4699-BDCA-4EC39AC2871D}.Release|Any CPU.ActiveCfg = Release|Any CPU
		{42468BEF-27DF-4699-BDCA-4EC39AC2871D}.Release|Any CPU.Build.0 = Release|Any CPU
	EndGlobalSection
	GlobalSection(SolutionProperties) = preSolution
		HideSolutionNode = FALSE
	EndGlobalSection
	GlobalSection(ExtensibilityGlobals) = postSolution
		SolutionGuid = {CF6167A1-2981-4CC7-AFC3-1A63F8750177}
	EndGlobalSection
EndGlobal
